Microsoft Visual Studio Solution File, Format Version 12.00
# Visual Studio Version 17
VisualStudioVersion = 17.5.2.0
MinimumVisualStudioVersion = 10.0.40219.1
Project("{FAE04EC0-301F-11D3-BF4B-00C04F79EFBC}") = "ASPCoreWebAPIDemo", "ASPCoreWebAPIDemo.csproj", "{796351FA-7BCE-802D-C450-4292D32B20CE}"
EndProject
Global
	GlobalSection(SolutionConfigurationPlatforms) = preSolution
		Debug|Any CPU = Debug|Any CPU
		Release|Any CPU = Release|Any CPU
	EndGlobalSection
	GlobalSection(ProjectConfigurationPlatforms) = postSolution
		{796351FA-7BCE-802D-C450-4292D32B20CE}.Debug|Any CPU.ActiveCfg = Debug|Any CPU
		{796351FA-7BCE-802D-C450-4292D32B20CE}.Debug|Any CPU.Build.0 = Debug|Any CPU
		{796351FA-7BCE-802D-C450-4292D32B20CE}.Release|Any CPU.ActiveCfg = Release|Any CPU
		{796351FA-7BCE-802D-C450-4292D32B20CE}.Release|Any CPU.Build.0 = Release|Any CPU
	EndGlobalSection
	GlobalSection(SolutionProperties) = preSolution
		HideSolutionNode = FALSE
	EndGlobalSection
	GlobalSection(ExtensibilityGlobals) = postSolution
		SolutionGuid = {6519B8E3-3CA0-4747-8E1B-C41573BA01C1}
	EndGlobalSection
EndGlobal
